
Microsoft Visual Studio Solution File, Format Version 12.00
# Visual Studio Version 17
VisualStudioVersion = 17.3.32825.248
MinimumVisualStudioVersion = 10.0.40219.1
Project("{9A19103F-16F7-4668-BE54-9A1E7A4F7556}") = "MasterBlogger.Domain", "MasterBlogger.Domain\MasterBlogger.Domain.csproj", "{757D5487-F81A-44CD-9EA5-C997EE0BF870}"
EndProject
Project("{9A19103F-16F7-4668-BE54-9A1E7A4F7556}") = "MasterBlogger.Application.Contracts", "MasterBlogger.Application.Contracts\MasterBlogger.Application.Contracts.csproj", "{2641E75C-FCB0-4FE7-A97B-72C02DC048CD}"
EndProject
Project("{9A19103F-16F7-4668-BE54-9A1E7A4F7556}") = "MasterBlogger.Application", "MasterBlogger.Application\MasterBlogger.Application.csproj", "{7F08F3B6-B519-46D0-A847-689F9A1D9D1F}"
EndProject
Project("{9A19103F-16F7-4668-BE54-9A1E7A4F7556}") = "MasterBlogger.Infrastructure.EFCore", "MasterBlogger.Infrastructure.EFCore\MasterBlogger.Infrastructure.EFCore.csproj", "{A5909843-B99D-4E09-85F6-94C81A826E2E}"
EndProject
Project("{9A19103F-16F7-4668-BE54-9A1E7A4F7556}") = "MasterBlogger.Presentation.RazorPages", "MasterBlogger.Presentation.RazorPages\MasterBlogger.Presentation.RazorPages.csproj", "{556B1A5E-34E5-4448-A9D3-B67935B8239C}"
EndProject
Project("{9A19103F-16F7-4668-BE54-9A1E7A4F7556}") = "MasterBlogger.Infrastructure.Core", "MasterBlogger.Infrastructure.Core\MasterBlogger.Infrastructure.Core.csproj", "{30931DB6-8BB9-418E-8F28-842E34401DE6}"
EndProject
Project("{9A19103F-16F7-4668-BE54-9A1E7A4F7556}") = "MasterBlogger.Infrastructure.Query", "MasterBlogger.Infrastructure.Query\MasterBlogger.Infrastructure.Query.csproj", "{ECEC52B7-5A83-48EA-89B8-882B08F0C60E}"
EndProject
Global
	GlobalSection(SolutionConfigurationPlatforms) = preSolution
		Debug|Any CPU = Debug|Any CPU
		Release|Any CPU = Release|Any CPU
	EndGlobalSection
	GlobalSection(ProjectConfigurationPlatforms) = postSolution
		{757D5487-F81A-44CD-9EA5-C997EE0BF870}.Debug|Any CPU.ActiveCfg = Debug|Any CPU
		{757D5487-F81A-44CD-9EA5-C997EE0BF870}.Debug|Any CPU.Build.0 = Debug|Any CPU
		{757D5487-F81A-44CD-9EA5-C997EE0BF870}.Release|Any CPU.ActiveCfg = Release|Any CPU
		{757D5487-F81A-44CD-9EA5-C997EE0BF870}.Release|Any CPU.Build.0 = Release|Any CPU
		{2641E75C-FCB0-4FE7-A97B-72C02DC048CD}.Debug|Any CPU.ActiveCfg = Debug|Any CPU
		{2641E75C-FCB0-4FE7-A97B-72C02DC048CD}.Debug|Any CPU.Build.0 = Debug|Any CPU
		{2641E75C-FCB0-4FE7-A97B-72C02DC048CD}.Release|Any CPU.ActiveCfg = Release|Any CPU
		{2641E75C-FCB0-4FE7-A97B-72C02DC048CD}.Release|Any CPU.Build.0 = Release|Any CPU
		{7F08F3B6-B519-46D0-A847-689F9A1D9D1F}.Debug|Any CPU.ActiveCfg = Debug|Any CPU
		{7F08F3B6-B519-46D0-A847-689F9A1D9D1F}.Debug|Any CPU.Build.0 = Debug|Any CPU
		{7F08F3B6-B519-46D0-A847-689F9A1D9D1F}.Release|Any CPU.ActiveCfg = Release|Any CPU
		{7F08F3B6-B519-46D0-A847-689F9A1D9D1F}.Release|Any CPU.Build.0 = Release|Any CPU
		{A5909843-B99D-4E09-85F6-94C81A826E2E}.Debug|Any CPU.ActiveCfg = Debug|Any CPU
		{A5909843-B99D-4E09-85F6-94C81A826E2E}.Debug|Any CPU.Build.0 = Debug|Any CPU
		{A5909843-B99D-4E09-85F6-94C81A826E2E}.Release|Any CPU.ActiveCfg = Release|Any CPU
		{A5909843-B99D-4E09-85F6-94C81A826E2E}.Release|Any CPU.Build.0 = Release|Any CPU
		{556B1A5E-34E5-4448-A9D3-B67935B8239C}.Debug|Any CPU.ActiveCfg = Debug|Any CPU
		{556B1A5E-34E5-4448-A9D3-B67935B8239C}.Debug|Any CPU.Build.0 = Debug|Any CPU
		{556B1A5E-34E5-4448-A9D3-B67935B8239C}.Release|Any CPU.ActiveCfg = Release|Any CPU
		{556B1A5E-34E5-4448-A9D3-B67935B8239C}.Release|Any CPU.Build.0 = Release|Any CPU
		{30931DB6-8BB9-418E-8F28-842E34401DE6}.Debug|Any CPU.ActiveCfg = Debug|Any CPU
		{30931DB6-8BB9-418E-8F28-842E34401DE6}.Debug|Any CPU.Build.0 = Debug|Any CPU
		{30931DB6-8BB9-418E-8F28-842E34401DE6}.Release|Any CPU.ActiveCfg = Release|Any CPU
		{30931DB6-8BB9-418E-8F28-842E34401DE6}.Release|Any CPU.Build.0 = Release|Any CPU
		{ECEC52B7-5A83-48EA-89B8-882B08F0C60E}.Debug|Any CPU.ActiveCfg = Debug|Any CPU
		{ECEC52B7-5A83-48EA-89B8-882B08F0C60E}.Debug|Any CPU.Build.0 = Debug|Any CPU
		{ECEC52B7-5A83-48EA-89B8-882B08F0C60E}.Release|Any CPU.ActiveCfg = Release|Any CPU
		{ECEC52B7-5A83-48EA-89B8-882B08F0C60E}.Release|Any CPU.Build.0 = Release|Any CPU
	EndGlobalSection
	GlobalSection(SolutionProperties) = preSolution
		HideSolutionNode = FALSE
	EndGlobalSection
	GlobalSection(ExtensibilityGlobals) = postSolution
		SolutionGuid = {ECEB28C8-F63F-4DAA-9C15-9884DC7714D5}
	EndGlobalSection
EndGlobal
